
Microsoft Visual Studio Solution File, Format Version 12.00
# Visual Studio 14
VisualStudioVersion = 14.0.23107.0
MinimumVisualStudioVersion = 10.0.40219.1
Project("{FAE04EC0-301F-11D3-BF4B-00C04F79EFBC}") = "Bank", "Bank\Bank.csproj", "{343214FD-CD65-4F8E-B93E-086CE57A3E60}"
EndProject
Project("{FAE04EC0-301F-11D3-BF4B-00C04F79EFBC}") = "BankTest", "BankTest\BankTest.csproj", "{73ACB58F-53C9-48B0-8483-E4F2EA3E0DFF}"
EndProject
Project("{2150E333-8FDC-42A3-9474-1A3956D46DE8}") = "bats", "bats", "{12177EA8-C009-46D7-8B7E-1C008E20E770}"
	ProjectSection(SolutionItems) = preProject
		GenerateUnitTestMetrics.bat = GenerateUnitTestMetrics.bat
	EndProjectSection
EndProject
Global
	GlobalSection(SolutionConfigurationPlatforms) = preSolution
		Debug|Any CPU = Debug|Any CPU
		Release|Any CPU = Release|Any CPU
	EndGlobalSection
	GlobalSection(ProjectConfigurationPlatforms) = postSolution
		{343214FD-CD65-4F8E-B93E-086CE57A3E60}.Debug|Any CPU.ActiveCfg = Debug|Any CPU
		{343214FD-CD65-4F8E-B93E-086CE57A3E60}.Debug|Any CPU.Build.0 = Debug|Any CPU
		{343214FD-CD65-4F8E-B93E-086CE57A3E60}.Release|Any CPU.ActiveCfg = Release|Any CPU
		{343214FD-CD65-4F8E-B93E-086CE57A3E60}.Release|Any CPU.Build.0 = Release|Any CPU
		{73ACB58F-53C9-48B0-8483-E4F2EA3E0DFF}.Debug|Any CPU.ActiveCfg = Debug|Any CPU
		{73ACB58F-53C9-48B0-8483-E4F2EA3E0DFF}.Debug|Any CPU.Build.0 = Debug|Any CPU
		{73ACB58F-53C9-48B0-8483-E4F2EA3E0DFF}.Release|Any CPU.ActiveCfg = Release|Any CPU
		{73ACB58F-53C9-48B0-8483-E4F2EA3E0DFF}.Release|Any CPU.Build.0 = Release|Any CPU
	EndGlobalSection
	GlobalSection(SolutionProperties) = preSolution
		HideSolutionNode = FALSE
	EndGlobalSection
EndGlobal
